
Microsoft Visual Studio Solution File, Format Version 12.00
# Visual Studio Version 17
VisualStudioVersion = 17.7.34221.43
MinimumVisualStudioVersion = 10.0.40219.1
Project("{FAE04EC0-301F-11D3-BF4B-00C04F79EFBC}") = "CorreioApplication", "CorreioApplication\CorreioApplication.csproj", "{00D37319-37B5-46C1-B7E6-6D6AE97221D6}"
EndProject
Global
	GlobalSection(SolutionConfigurationPlatforms) = preSolution
		Debug|Any CPU = Debug|Any CPU
		Release|Any CPU = Release|Any CPU
	EndGlobalSection
	GlobalSection(ProjectConfigurationPlatforms) = postSolution
		{00D37319-37B5-46C1-B7E6-6D6AE97221D6}.Debug|Any CPU.ActiveCfg = Debug|Any CPU
		{00D37319-37B5-46C1-B7E6-6D6AE97221D6}.Debug|Any CPU.Build.0 = Debug|Any CPU
		{00D37319-37B5-46C1-B7E6-6D6AE97221D6}.Release|Any CPU.ActiveCfg = Release|Any CPU
		{00D37319-37B5-46C1-B7E6-6D6AE97221D6}.Release|Any CPU.Build.0 = Release|Any CPU
	EndGlobalSection
	GlobalSection(SolutionProperties) = preSolution
		HideSolutionNode = FALSE
	EndGlobalSection
	GlobalSection(ExtensibilityGlobals) = postSolution
		SolutionGuid = {6030B725-126C-403C-ACCD-0813F7AE9A7F}
	EndGlobalSection
EndGlobal
